
Microsoft Visual Studio Solution File, Format Version 12.00
# Visual Studio Version 17
VisualStudioVersion = 17.10.34928.147
MinimumVisualStudioVersion = 10.0.40219.1
Project("{9A19103F-16F7-4668-BE54-9A1E7A4F7556}") = "PatientManagement.Api", "PatientRecord.Api\PatientManagement.Api.csproj", "{07AA9452-1181-4D48-8DC1-F1EABEBDB916}"
EndProject
Project("{9A19103F-16F7-4668-BE54-9A1E7A4F7556}") = "PatientManagement.Application", "PatientRecord.Service\PatientManagement.Application.csproj", "{1FE1655F-1199-4EE5-81C7-5C42A5A5CFA8}"
EndProject
Project("{9A19103F-16F7-4668-BE54-9A1E7A4F7556}") = "PatientManagement.Model", "PatientRecord.Model\PatientManagement.Model.csproj", "{3C0BDEBD-6A78-4593-88C9-D0B9B05FF5E6}"
EndProject
Project("{9A19103F-16F7-4668-BE54-9A1E7A4F7556}") = "PatientManagement.Dal", "PatientRecord.Dal\PatientManagement.Dal.csproj", "{1191E54C-5F87-4DCB-8491-9635D2E965F5}"
EndProject
Project("{FAE04EC0-301F-11D3-BF4B-00C04F79EFBC}") = "PatientManagement.Test", "PatientManagement.Test\PatientManagement.Test.csproj", "{50C77728-D14E-4B74-BC0F-33AEA68C54EE}"
EndProject
Global
	GlobalSection(SolutionConfigurationPlatforms) = preSolution
		Debug|Any CPU = Debug|Any CPU
		Release|Any CPU = Release|Any CPU
	EndGlobalSection
	GlobalSection(ProjectConfigurationPlatforms) = postSolution
		{07AA9452-1181-4D48-8DC1-F1EABEBDB916}.Debug|Any CPU.ActiveCfg = Debug|Any CPU
		{07AA9452-1181-4D48-8DC1-F1EABEBDB916}.Debug|Any CPU.Build.0 = Debug|Any CPU
		{07AA9452-1181-4D48-8DC1-F1EABEBDB916}.Release|Any CPU.ActiveCfg = Release|Any CPU
		{07AA9452-1181-4D48-8DC1-F1EABEBDB916}.Release|Any CPU.Build.0 = Release|Any CPU
		{1FE1655F-1199-4EE5-81C7-5C42A5A5CFA8}.Debug|Any CPU.ActiveCfg = Debug|Any CPU
		{1FE1655F-1199-4EE5-81C7-5C42A5A5CFA8}.Debug|Any CPU.Build.0 = Debug|Any CPU
		{1FE1655F-1199-4EE5-81C7-5C42A5A5CFA8}.Release|Any CPU.ActiveCfg = Release|Any CPU
		{1FE1655F-1199-4EE5-81C7-5C42A5A5CFA8}.Release|Any CPU.Build.0 = Release|Any CPU
		{3C0BDEBD-6A78-4593-88C9-D0B9B05FF5E6}.Debug|Any CPU.ActiveCfg = Debug|Any CPU
		{3C0BDEBD-6A78-4593-88C9-D0B9B05FF5E6}.Debug|Any CPU.Build.0 = Debug|Any CPU
		{3C0BDEBD-6A78-4593-88C9-D0B9B05FF5E6}.Release|Any CPU.ActiveCfg = Release|Any CPU
		{3C0BDEBD-6A78-4593-88C9-D0B9B05FF5E6}.Release|Any CPU.Build.0 = Release|Any CPU
		{1191E54C-5F87-4DCB-8491-9635D2E965F5}.Debug|Any CPU.ActiveCfg = Debug|Any CPU
		{1191E54C-5F87-4DCB-8491-9635D2E965F5}.Debug|Any CPU.Build.0 = Debug|Any CPU
		{1191E54C-5F87-4DCB-8491-9635D2E965F5}.Release|Any CPU.ActiveCfg = Release|Any CPU
		{1191E54C-5F87-4DCB-8491-9635D2E965F5}.Release|Any CPU.Build.0 = Release|Any CPU
		{50C77728-D14E-4B74-BC0F-33AEA68C54EE}.Debug|Any CPU.ActiveCfg = Debug|Any CPU
		{50C77728-D14E-4B74-BC0F-33AEA68C54EE}.Debug|Any CPU.Build.0 = Debug|Any CPU
		{50C77728-D14E-4B74-BC0F-33AEA68C54EE}.Release|Any CPU.ActiveCfg = Release|Any CPU
		{50C77728-D14E-4B74-BC0F-33AEA68C54EE}.Release|Any CPU.Build.0 = Release|Any CPU
	EndGlobalSection
	GlobalSection(SolutionProperties) = preSolution
		HideSolutionNode = FALSE
	EndGlobalSection
	GlobalSection(ExtensibilityGlobals) = postSolution
		SolutionGuid = {76DFCBF5-6EB1-4FE6-9434-F601FE2C0FE9}
	EndGlobalSection
EndGlobal
